{
  "version": 4,
  "terraform_version": "1.12.1",
  "serial": 12,
  "lineage": "5a15fcec-1b54-3e71-7bc4-ed48147cfc6e",
  "outputs": {
    "alb_dns_name": {
      "value": "daenamu-cluster-alb-2077861861.ap-northeast-2.elb.amazonaws.com",
      "type": "string"
    }
  },
  "resources": [
    {
      "mode": "data",
      "type": "aws_eks_cluster",
      "name": "this",
      "provider": "provider[\"registry.terraform.io/hashicorp/aws\"]",
      "instances": [
        {
          "schema_version": 0,
          "attributes": {
            "access_config": [
              {
                "authentication_mode": "CONFIG_MAP",
                "bootstrap_cluster_creator_admin_permissions": true
              }
            ],
            "arn": "arn:aws:eks:ap-northeast-2:688184989092:cluster/daenamu-cluster",
            "certificate_authority": [
              {
                "data": "LS0tLS1CRUdJTiBDRVJUSUZJQ0FURS0tLS0tCk1JSURCVENDQWUyZ0F3SUJBZ0lJVkJGNnkwR0xkNU13RFFZSktvWklodmNOQVFFTEJRQXdGVEVUTUJFR0ExVUUKQXhNS2EzVmlaWEp1WlhSbGN6QWVGdzB5TlRBMU1qVXhNakUwTXpGYUZ3MHpOVEExTWpNeE1qRTVNekZhTUJVeApFekFSQmdOVkJBTVRDbXQxWW1WeWJtVjBaWE13Z2dFaU1BMEdDU3FHU0liM0RRRUJBUVVBQTRJQkR3QXdnZ0VLCkFvSUJBUURUdlhIeEVubHdQOWVoVXQ4NFh2L2hVUXdkQ3JmbHpZajFKQzUxVWRSV2dQUUswemN5Z0lyb3hCUnIKMUJGRlJpSHloZU44eUFVOVpjeVFSbGliRU5VQ2xXQlNqQmZGVEtmeCtYVUNERXVOc01rTVpIc3c4SEhHcWlZcgpMY3B0b2JUcTJMVlhlTDJxSVpjQTFaQStENGo3V1dvVlExeGFmdWRrRUowbk1Udnh0ZXpmOXI2dVo2amtYUnZGCmcxdkdYYml3LzB5RGhRUy8rZkFHYU50MlNlcjBTa29heURpdHhaZ0NaazZNNjJOeXBhR01vYUJVeU1YMG1aZlkKbjVPS0x6YzhRd3BJOGtYeFhobXp3Ymg0WlB6M3lDUmtGT2N4VkFQbFdSZjFIU2ExVHAva05MOXk4Z05TODZPWQozeW5IaUF0SG1RZ3NvUUVPaTVuc2tJREhqZlVIQWdNQkFBR2pXVEJYTUE0R0ExVWREd0VCL3dRRUF3SUNwREFQCkJnTlZIUk1CQWY4RUJUQURBUUgvTUIwR0ExVWREZ1FXQkJSR004VG81OUdSWEp2N0l3MlhqTWNPdzI2WnJqQVYKQmdOVkhSRUVEakFNZ2dwcmRXSmxjbTVsZEdWek1BMEdDU3FHU0liM0RRRUJDd1VBQTRJQkFRRERvd25QM0FpWgpZQVJ3dnIwZGlhcGRYNUdWMWo5U0NaMFQ3RDBqUWh2QmJsTjlVdDNnV2ZGeEtSWUdOMzlrZ0FZK3FITVlYalhICmVUWElRWmk4ckduVWdhM1JWbDhJcFByUTBndVZVM0lpaE9HZ2ZPVHA1aHdsTHZya1JpM2t0MkttODhERU50dUYKOTBJWlRndm9lK01GbXpBd3FQelc4Yml1R2xOSW55b2FWbTZGYlVRVU9pYlR4MHlobFo4Z0JLZXkwTWJLL1RiUwpIZzlBUzJpSll4dUxMdFQxTk1icTJOeEdGbWVkY1JaZHFZQzY5aXVQSW13UUVJc2ZNY3MyTkV0Rnh1ODc4akgxCjRzUWo5SnpLNVRPZjk0NHYrdFpPQ3p6Znh0blJqM1ZPWGdlYVoxaWFUeEZNYmt5Ty9LTmRWa25tNmVMd25tOW0KbUdmU3lwTWlMeFNRCi0tLS0tRU5EIENFUlRJRklDQVRFLS0tLS0K"
              }
            ],
            "cluster_id": null,
            "compute_config": [],
            "created_at": "2025-05-25T12:15:20Z",
            "enabled_cluster_log_types": [],
            "endpoint": "https://B49F45EEE6576C43E1FF025B322AAD0E.gr7.ap-northeast-2.eks.amazonaws.com",
            "id": "daenamu-cluster",
            "identity": [
              {
                "oidc": [
                  {
                    "issuer": "https://oidc.eks.ap-northeast-2.amazonaws.com/id/B49F45EEE6576C43E1FF025B322AAD0E"
                  }
                ]
              }
            ],
            "kubernetes_network_config": [
              {
                "elastic_load_balancing": [
                  {
                    "enabled": false
                  }
                ],
                "ip_family": "ipv4",
                "service_ipv4_cidr": "172.20.0.0/16",
                "service_ipv6_cidr": ""
              }
            ],
            "name": "daenamu-cluster",
            "outpost_config": [],
            "platform_version": "eks.11",
            "remote_network_config": [],
            "role_arn": "arn:aws:iam::688184989092:role/daenamu-cluster-eks-cluster-role",
            "status": "ACTIVE",
            "storage_config": [],
            "tags": {},
            "upgrade_policy": [
              {
                "support_type": "EXTENDED"
              }
            ],
            "version": "1.32",
            "vpc_config": [
              {
                "cluster_security_group_id": "sg-00e759c581732d690",
                "endpoint_private_access": false,
                "endpoint_public_access": true,
                "public_access_cidrs": [
                  "0.0.0.0/0"
                ],
                "security_group_ids": [],
                "subnet_ids": [
                  "subnet-03ca79f3c8ebe441d",
                  "subnet-0e38afb571c441c38"
                ],
                "vpc_id": "vpc-0880e34bdd55d5dfc"
              }
            ],
            "zonal_shift_config": []
          },
          "sensitive_attributes": [],
          "identity_schema_version": 0
        }
      ]
    },
    {
      "mode": "data",
      "type": "aws_eks_cluster_auth",
      "name": "this",
      "provider": "provider[\"registry.terraform.io/hashicorp/aws\"]",
      "instances": [
        {
          "schema_version": 0,
          "attributes": {
            "id": "daenamu-cluster",
            "name": "daenamu-cluster",
            "token": "k8s-aws-v1.aHR0cHM6Ly9zdHMuYXAtbm9ydGhlYXN0LTIuYW1hem9uYXdzLmNvbS8_QWN0aW9uPUdldENhbGxlcklkZW50aXR5JlZlcnNpb249MjAxMS0wNi0xNSZYLUFtei1BbGdvcml0aG09QVdTNC1ITUFDLVNIQTI1NiZYLUFtei1DcmVkZW50aWFsPUFTSUEyQU9ZRlNXU1BDMjdBR09GJTJGMjAyNTA1MjUlMkZhcC1ub3J0aGVhc3QtMiUyRnN0cyUyRmF3czRfcmVxdWVzdCZYLUFtei1EYXRlPTIwMjUwNTI1VDEzMDgyMVomWC1BbXotRXhwaXJlcz0wJlgtQW16LVNlY3VyaXR5LVRva2VuPUlRb0piM0pwWjJsdVgyVmpFR01hRG1Gd0xXNXZjblJvWldGemRDMHlJa2d3UmdJaEFJUENzTW8xYmlacFJDQ0puSHRSbWNQSjVPcmlsY1hCSkp5NnlnckpjVWhDQWlFQTNabWx3RDJUVXplekFJNWtScjVuJTJCbmVZQ3BiSjl3TWg1VTRxVWtrcTZzUXFnd01JTEJBQUdndzJPRGd4T0RRNU9Ea3dPVElpREg3UE13N1NnNk0yOWklMkZsa3lyZ0FsdFlsdVdHZko5RURzUkdEQ2w3SE9IOW55TU9iWHU4M1RZUTBQR2p5MW10ekU5dHdyU0l4NkgxcDVPWm5ic0YlMkZKRWZXVlc3MkVROEhrWUVpRUFFa1NNamtoa2NjTTdzdTF3a3J5VndUakZPM0NFUkpheFdITWUwcGxXV0RsdEtzdENzYUVqVE53QXB6eU1RMGVEMHo2eE5MJTJCUW9WNnFvZGxQOTF2bUVndyUyRlRjNmF3VlM2UDliRnh6aVZHdlhJVFNqVyUyQkhKOEdpcjVLSHp6Qzg4NHJCd0t6WDNZbGZIazAlMkZSSlJYNWglMkZXVWVXSTAlMkJQNzFXYmUxa3RjV1gxVnQ4WEtVdk9QZkxMeW5aTmI1dXpiWldkMEVpV3NibHhtRnlXQURFQktsNXh2eW93YVlLcTclMkZIam41ZUdqMllsRG1RU2wlMkYxM2xoZCUyQlAwUTNFTU1kWWl3aE95TExXb3ZaZjFtWkZ1aDlZR1NzejdFcm02a2NSRnMybjR5WiUyRmM4JTJGa1dJNFh1MFlRYmRLMnJQWDd6NmhSMjhYak8zVDhFYU9GUUczWmFjWkJLMjZHREYlMkZsNkFJYTBWa1pVN0xvN1VjVXlKc1p2amI4alVkSTJlaHVWT212MCUyRkNJR3d3aiUyQmZMd1FZNnBRRVdKTmQlMkZmWHloRmdmeFdmeWdtWHc1VTRRdzBBZldVc2hpTEU1OE9CRzhHNjRWaGZUQ2VJTnJLaXlTdmpCYkNlJTJGSjNjNWlzRzRka0VmZjJLb1QxdFdXVElHVHZJeHF0bTBGWVF1RGt5VWlzWjFMTGdWU1hidldqa0hRWjFxYVloaHdRY2NHOG16UnljZmp1enBXT0xlWUwyeUJUQzV3cDQlMkZFbkFISCUyQmF0WCUyQmFQdlh2RlhhbVh1UUI1bUN1ekc1Y3FxSjFQcnglMkJsQmN5MGZGSkVhU3l1QUxVNUlhNlUlM0QmWC1BbXotU2lnbmVkSGVhZGVycz1ob3N0JTNCeC1rOHMtYXdzLWlkJlgtQW16LVNpZ25hdHVyZT05OTcxMDE5MGU2M2MyYzU1NTBiMDU1YjEzNGVlZDFkMmY1YjZhZmUxNmJlZTZlYjY5ZmUxMDViZDJlNWRlMjY4"
          },
          "sensitive_attributes": [
            [
              {
                "type": "get_attr",
                "value": "token"
              }
            ]
          ],
          "identity_schema_version": 0
        }
      ]
    },
    {
      "mode": "data",
      "type": "aws_iam_policy_document",
      "name": "alb_irsa_assume_role",
      "provider": "provider[\"registry.terraform.io/hashicorp/aws\"]",
      "instances": [
        {
          "schema_version": 0,
          "attributes": {
            "id": "3355502524",
            "json": "{\n  \"Version\": \"2012-10-17\",\n  \"Statement\": [\n    {\n      \"Effect\": \"Allow\",\n      \"Action\": \"sts:AssumeRoleWithWebIdentity\",\n      \"Principal\": {\n        \"Federated\": \"arn:aws:iam::688184989092:oidc-provider/oidc.eks.ap-northeast-2.amazonaws.com/id/B49F45EEE6576C43E1FF025B322AAD0E\"\n      },\n      \"Condition\": {\n        \"StringEquals\": {\n          \"oidc.eks.ap-northeast-2.amazonaws.com/id/B49F45EEE6576C43E1FF025B322AAD0E:sub\": \"system:serviceaccount:kube-system:aws-load-balancer-controller\"\n        }\n      }\n    }\n  ]\n}",
            "minified_json": "{\"Version\":\"2012-10-17\",\"Statement\":[{\"Effect\":\"Allow\",\"Action\":\"sts:AssumeRoleWithWebIdentity\",\"Principal\":{\"Federated\":\"arn:aws:iam::688184989092:oidc-provider/oidc.eks.ap-northeast-2.amazonaws.com/id/B49F45EEE6576C43E1FF025B322AAD0E\"},\"Condition\":{\"StringEquals\":{\"oidc.eks.ap-northeast-2.amazonaws.com/id/B49F45EEE6576C43E1FF025B322AAD0E:sub\":\"system:serviceaccount:kube-system:aws-load-balancer-controller\"}}}]}",
            "override_json": null,
            "override_policy_documents": null,
            "policy_id": null,
            "source_json": null,
            "source_policy_documents": null,
            "statement": [
              {
                "actions": [
                  "sts:AssumeRoleWithWebIdentity"
                ],
                "condition": [
                  {
                    "test": "StringEquals",
                    "values": [
                      "system:serviceaccount:kube-system:aws-load-balancer-controller"
                    ],
                    "variable": "oidc.eks.ap-northeast-2.amazonaws.com/id/B49F45EEE6576C43E1FF025B322AAD0E:sub"
                  }
                ],
                "effect": "Allow",
                "not_actions": [],
                "not_principals": [],
                "not_resources": [],
                "principals": [
                  {
                    "identifiers": [
                      "arn:aws:iam::688184989092:oidc-provider/oidc.eks.ap-northeast-2.amazonaws.com/id/B49F45EEE6576C43E1FF025B322AAD0E"
                    ],
                    "type": "Federated"
                  }
                ],
                "resources": [],
                "sid": ""
              }
            ],
            "version": "2012-10-17"
          },
          "sensitive_attributes": [],
          "identity_schema_version": 0
        }
      ]
    },
    {
      "mode": "data",
      "type": "terraform_remote_state",
      "name": "eks",
      "provider": "provider[\"terraform.io/builtin/terraform\"]",
      "instances": [
        {
          "schema_version": 0,
          "attributes": {
            "backend": "local",
            "config": {
              "value": {
                "path": "../eks/terraform.tfstate"
              },
              "type": [
                "object",
                {
                  "path": "string"
                }
              ]
            },
            "defaults": null,
            "outputs": {
              "value": {
                "cluster_oidc_url": "https://oidc.eks.ap-northeast-2.amazonaws.com/id/B49F45EEE6576C43E1FF025B322AAD0E",
                "eks_cluster_name": "daenamu-cluster",
                "oidc_provider_arn": "arn:aws:iam::688184989092:oidc-provider/oidc.eks.ap-northeast-2.amazonaws.com/id/B49F45EEE6576C43E1FF025B322AAD0E",
                "oidc_provider_url": "https://oidc.eks.ap-northeast-2.amazonaws.com/id/B49F45EEE6576C43E1FF025B322AAD0E"
              },
              "type": [
                "object",
                {
                  "cluster_oidc_url": "string",
                  "eks_cluster_name": "string",
                  "oidc_provider_arn": "string",
                  "oidc_provider_url": "string"
                }
              ]
            },
            "workspace": null
          },
          "sensitive_attributes": [],
          "identity_schema_version": 0
        }
      ]
    },
    {
      "mode": "data",
      "type": "terraform_remote_state",
      "name": "vpc",
      "provider": "provider[\"terraform.io/builtin/terraform\"]",
      "instances": [
        {
          "schema_version": 0,
          "attributes": {
            "backend": "local",
            "config": {
              "value": {
                "path": "../vpc/terraform.tfstate"
              },
              "type": [
                "object",
                {
                  "path": "string"
                }
              ]
            },
            "defaults": null,
            "outputs": {
              "value": {
                "private_subnet_ids": [
                  "subnet-03ca79f3c8ebe441d",
                  "subnet-0e38afb571c441c38"
                ],
                "public_subnet_ids": [
                  "subnet-0cc1a21c487be0ca4",
                  "subnet-0eeadcc15994d4874"
                ],
                "vpc_id": "vpc-0880e34bdd55d5dfc"
              },
              "type": [
                "object",
                {
                  "private_subnet_ids": [
                    "tuple",
                    [
                      "string",
                      "string"
                    ]
                  ],
                  "public_subnet_ids": [
                    "tuple",
                    [
                      "string",
                      "string"
                    ]
                  ],
                  "vpc_id": "string"
                }
              ]
            },
            "workspace": null
          },
          "sensitive_attributes": [],
          "identity_schema_version": 0
        }
      ]
    },
    {
      "mode": "managed",
      "type": "aws_iam_policy",
      "name": "alb_controller_policy",
      "provider": "provider[\"registry.terraform.io/hashicorp/aws\"]",
      "instances": [
        {
          "schema_version": 0,
          "attributes": {
            "arn": "arn:aws:iam::688184989092:policy/daenamu-cluster-alb-controller-policy",
            "attachment_count": 1,
            "description": "",
            "id": "arn:aws:iam::688184989092:policy/daenamu-cluster-alb-controller-policy",
            "name": "daenamu-cluster-alb-controller-policy",
            "name_prefix": "",
            "path": "/",
            "policy": "{\"Statement\":[{\"Action\":[\"acm:DescribeCertificate\",\"acm:ListCertificates\",\"acm:GetCertificate\",\"ec2:AuthorizeSecurityGroupIngress\",\"ec2:CreateSecurityGroup\",\"ec2:CreateTags\",\"ec2:DeleteTags\",\"ec2:DeleteSecurityGroup\",\"ec2:Describe*\",\"elasticloadbalancing:*\",\"iam:CreateServiceLinkedRole\",\"iam:GetServerCertificate\",\"iam:ListServerCertificates\",\"waf-regional:*\",\"wafv2:*\",\"shield:*\"],\"Effect\":\"Allow\",\"Resource\":\"*\"}],\"Version\":\"2012-10-17\"}",
            "policy_id": "ANPA2AOYFSWSA7MKGAZF5",
            "tags": {},
            "tags_all": {}
          },
          "sensitive_attributes": [],
          "identity_schema_version": 0,
          "private": "bnVsbA=="
        }
      ]
    },
    {
      "mode": "managed",
      "type": "aws_iam_role",
      "name": "alb_sa_role",
      "provider": "provider[\"registry.terraform.io/hashicorp/aws\"]",
      "instances": [
        {
          "schema_version": 0,
          "attributes": {
            "arn": "arn:aws:iam::688184989092:role/daenamu-cluster-alb-sa-role",
            "assume_role_policy": "{\"Statement\":[{\"Action\":\"sts:AssumeRoleWithWebIdentity\",\"Condition\":{\"StringEquals\":{\"oidc.eks.ap-northeast-2.amazonaws.com/id/B49F45EEE6576C43E1FF025B322AAD0E:sub\":\"system:serviceaccount:kube-system:aws-load-balancer-controller\"}},\"Effect\":\"Allow\",\"Principal\":{\"Federated\":\"arn:aws:iam::688184989092:oidc-provider/oidc.eks.ap-northeast-2.amazonaws.com/id/B49F45EEE6576C43E1FF025B322AAD0E\"}}],\"Version\":\"2012-10-17\"}",
            "create_date": "2025-05-25T13:01:44Z",
            "description": "",
            "force_detach_policies": false,
            "id": "daenamu-cluster-alb-sa-role",
            "inline_policy": [],
            "managed_policy_arns": [
              "arn:aws:iam::688184989092:policy/daenamu-cluster-alb-controller-policy"
            ],
            "max_session_duration": 3600,
            "name": "daenamu-cluster-alb-sa-role",
            "name_prefix": "",
            "path": "/",
            "permissions_boundary": "",
            "tags": {},
            "tags_all": {},
            "unique_id": "AROA2AOYFSWSJK6SGLPTJ"
          },
          "sensitive_attributes": [],
          "identity_schema_version": 0,
          "private": "bnVsbA==",
          "dependencies": [
            "data.aws_iam_policy_document.alb_irsa_assume_role",
            "data.terraform_remote_state.eks"
          ]
        }
      ]
    },
    {
      "mode": "managed",
      "type": "aws_iam_role_policy_attachment",
      "name": "attach_alb_policy",
      "provider": "provider[\"registry.terraform.io/hashicorp/aws\"]",
      "instances": [
        {
          "schema_version": 0,
          "attributes": {
            "id": "daenamu-cluster-alb-sa-role-20250525130146129600000001",
            "policy_arn": "arn:aws:iam::688184989092:policy/daenamu-cluster-alb-controller-policy",
            "role": "daenamu-cluster-alb-sa-role"
          },
          "sensitive_attributes": [],
          "identity_schema_version": 0,
          "private": "bnVsbA==",
          "dependencies": [
            "aws_iam_policy.alb_controller_policy",
            "aws_iam_role.alb_sa_role",
            "data.aws_iam_policy_document.alb_irsa_assume_role",
            "data.terraform_remote_state.eks"
          ]
        }
      ]
    },
    {
      "mode": "managed",
      "type": "aws_lb",
      "name": "alb",
      "provider": "provider[\"registry.terraform.io/hashicorp/aws\"]",
      "instances": [
        {
          "schema_version": 0,
          "attributes": {
            "access_logs": [
              {
                "bucket": "",
                "enabled": false,
                "prefix": ""
              }
            ],
            "arn": "arn:aws:elasticloadbalancing:ap-northeast-2:688184989092:loadbalancer/app/daenamu-cluster-alb/6d785c37a57e0bf6",
            "arn_suffix": "app/daenamu-cluster-alb/6d785c37a57e0bf6",
            "client_keep_alive": 3600,
            "connection_logs": [
              {
                "bucket": "",
                "enabled": false,
                "prefix": ""
              }
            ],
            "customer_owned_ipv4_pool": "",
            "desync_mitigation_mode": "defensive",
            "dns_name": "daenamu-cluster-alb-2077861861.ap-northeast-2.elb.amazonaws.com",
            "dns_record_client_routing_policy": null,
            "drop_invalid_header_fields": false,
            "enable_cross_zone_load_balancing": true,
            "enable_deletion_protection": false,
            "enable_http2": true,
            "enable_tls_version_and_cipher_suite_headers": false,
            "enable_waf_fail_open": false,
            "enable_xff_client_port": false,
            "enable_zonal_shift": false,
            "enforce_security_group_inbound_rules_on_private_link_traffic": "",
            "id": "arn:aws:elasticloadbalancing:ap-northeast-2:688184989092:loadbalancer/app/daenamu-cluster-alb/6d785c37a57e0bf6",
            "idle_timeout": 60,
            "internal": false,
            "ip_address_type": "ipv4",
            "ipam_pools": [],
            "load_balancer_type": "application",
            "name": "daenamu-cluster-alb",
            "name_prefix": "",
            "preserve_host_header": false,
            "security_groups": [
              "sg-0b2c4c4ce8bd84ebb"
            ],
            "subnet_mapping": [
              {
                "allocation_id": "",
                "ipv6_address": "",
                "outpost_id": "",
                "private_ipv4_address": "",
                "subnet_id": "subnet-0cc1a21c487be0ca4"
              },
              {
                "allocation_id": "",
                "ipv6_address": "",
                "outpost_id": "",
                "private_ipv4_address": "",
                "subnet_id": "subnet-0eeadcc15994d4874"
              }
            ],
            "subnets": [
              "subnet-0cc1a21c487be0ca4",
              "subnet-0eeadcc15994d4874"
            ],
            "tags": {
              "Name": "daenamu-cluster-alb",
              "kubernetes.io/cluster/daenamu-cluster": "owned"
            },
            "tags_all": {
              "Name": "daenamu-cluster-alb",
              "kubernetes.io/cluster/daenamu-cluster": "owned"
            },
            "timeouts": null,
            "vpc_id": "vpc-0880e34bdd55d5dfc",
            "xff_header_processing_mode": "append",
            "zone_id": "ZWKZPGTI48KDX"
          },
          "sensitive_attributes": [],
          "identity_schema_version": 0,
          "private": "eyJlMmJmYjczMC1lY2FhLTExZTYtOGY4OC0zNDM2M2JjN2M0YzAiOnsiY3JlYXRlIjo2MDAwMDAwMDAwMDAsImRlbGV0ZSI6NjAwMDAwMDAwMDAwLCJ1cGRhdGUiOjYwMDAwMDAwMDAwMH19",
          "dependencies": [
            "aws_security_group.alb_sg",
            "data.terraform_remote_state.vpc"
          ]
        }
      ]
    },
    {
      "mode": "managed",
      "type": "aws_lb_listener",
      "name": "http",
      "provider": "provider[\"registry.terraform.io/hashicorp/aws\"]",
      "instances": [
        {
          "schema_version": 0,
          "attributes": {
            "alpn_policy": null,
            "arn": "arn:aws:elasticloadbalancing:ap-northeast-2:688184989092:listener/app/daenamu-cluster-alb/6d785c37a57e0bf6/58cb1d541b9fc070",
            "certificate_arn": null,
            "default_action": [
              {
                "authenticate_cognito": [],
                "authenticate_oidc": [],
                "fixed_response": [],
                "forward": [],
                "order": 1,
                "redirect": [],
                "target_group_arn": "arn:aws:elasticloadbalancing:ap-northeast-2:688184989092:targetgroup/daenamu-cluster-tg/f73381219a92023a",
                "type": "forward"
              }
            ],
            "id": "arn:aws:elasticloadbalancing:ap-northeast-2:688184989092:listener/app/daenamu-cluster-alb/6d785c37a57e0bf6/58cb1d541b9fc070",
            "load_balancer_arn": "arn:aws:elasticloadbalancing:ap-northeast-2:688184989092:loadbalancer/app/daenamu-cluster-alb/6d785c37a57e0bf6",
            "mutual_authentication": [],
            "port": 80,
            "protocol": "HTTP",
            "routing_http_request_x_amzn_mtls_clientcert_header_name": null,
            "routing_http_request_x_amzn_mtls_clientcert_issuer_header_name": null,
            "routing_http_request_x_amzn_mtls_clientcert_leaf_header_name": null,
            "routing_http_request_x_amzn_mtls_clientcert_serial_number_header_name": null,
            "routing_http_request_x_amzn_mtls_clientcert_subject_header_name": null,
            "routing_http_request_x_amzn_mtls_clientcert_validity_header_name": null,
            "routing_http_request_x_amzn_tls_cipher_suite_header_name": null,
            "routing_http_request_x_amzn_tls_version_header_name": null,
            "routing_http_response_access_control_allow_credentials_header_value": "",
            "routing_http_response_access_control_allow_headers_header_value": "",
            "routing_http_response_access_control_allow_methods_header_value": "",
            "routing_http_response_access_control_allow_origin_header_value": "",
            "routing_http_response_access_control_expose_headers_header_value": "",
            "routing_http_response_access_control_max_age_header_value": "",
            "routing_http_response_content_security_policy_header_value": "",
            "routing_http_response_server_enabled": true,
            "routing_http_response_strict_transport_security_header_value": "",
            "routing_http_response_x_content_type_options_header_value": "",
            "routing_http_response_x_frame_options_header_value": "",
            "ssl_policy": "",
            "tags": {},
            "tags_all": {},
            "tcp_idle_timeout_seconds": null,
            "timeouts": null
          },
          "sensitive_attributes": [],
          "identity_schema_version": 0,
          "private": "eyJlMmJmYjczMC1lY2FhLTExZTYtOGY4OC0zNDM2M2JjN2M0YzAiOnsiY3JlYXRlIjozMDAwMDAwMDAwMDAsInVwZGF0ZSI6MzAwMDAwMDAwMDAwfX0=",
          "dependencies": [
            "aws_lb.alb",
            "aws_lb_target_group.tg",
            "aws_security_group.alb_sg",
            "data.terraform_remote_state.vpc"
          ]
        }
      ]
    },
    {
      "mode": "managed",
      "type": "aws_lb_target_group",
      "name": "tg",
      "provider": "provider[\"registry.terraform.io/hashicorp/aws\"]",
      "instances": [
        {
          "schema_version": 0,
          "attributes": {
            "arn": "arn:aws:elasticloadbalancing:ap-northeast-2:688184989092:targetgroup/daenamu-cluster-tg/f73381219a92023a",
            "arn_suffix": "targetgroup/daenamu-cluster-tg/f73381219a92023a",
            "connection_termination": null,
            "deregistration_delay": "300",
            "health_check": [
              {
                "enabled": true,
                "healthy_threshold": 5,
                "interval": 30,
                "matcher": "200",
                "path": "/",
                "port": "traffic-port",
                "protocol": "HTTP",
                "timeout": 5,
                "unhealthy_threshold": 2
              }
            ],
            "id": "arn:aws:elasticloadbalancing:ap-northeast-2:688184989092:targetgroup/daenamu-cluster-tg/f73381219a92023a",
            "ip_address_type": "ipv4",
            "lambda_multi_value_headers_enabled": false,
            "load_balancer_arns": [
              "arn:aws:elasticloadbalancing:ap-northeast-2:688184989092:loadbalancer/app/daenamu-cluster-alb/6d785c37a57e0bf6"
            ],
            "load_balancing_algorithm_type": "round_robin",
            "load_balancing_anomaly_mitigation": "off",
            "load_balancing_cross_zone_enabled": "use_load_balancer_configuration",
            "name": "daenamu-cluster-tg",
            "name_prefix": "",
            "port": 80,
            "preserve_client_ip": null,
            "protocol": "HTTP",
            "protocol_version": "HTTP1",
            "proxy_protocol_v2": false,
            "slow_start": 0,
            "stickiness": [
              {
                "cookie_duration": 86400,
                "cookie_name": "",
                "enabled": false,
                "type": "lb_cookie"
              }
            ],
            "tags": {},
            "tags_all": {},
            "target_failover": [
              {
                "on_deregistration": null,
                "on_unhealthy": null
              }
            ],
            "target_group_health": [
              {
                "dns_failover": [
                  {
                    "minimum_healthy_targets_count": "1",
                    "minimum_healthy_targets_percentage": "off"
                  }
                ],
                "unhealthy_state_routing": [
                  {
                    "minimum_healthy_targets_count": 1,
                    "minimum_healthy_targets_percentage": "off"
                  }
                ]
              }
            ],
            "target_health_state": [
              {
                "enable_unhealthy_connection_termination": null,
                "unhealthy_draining_interval": null
              }
            ],
            "target_type": "ip",
            "vpc_id": "vpc-0880e34bdd55d5dfc"
          },
          "sensitive_attributes": [],
          "identity_schema_version": 0,
          "private": "bnVsbA==",
          "dependencies": [
            "data.terraform_remote_state.vpc"
          ]
        }
      ]
    },
    {
      "mode": "managed",
      "type": "aws_security_group",
      "name": "alb_sg",
      "provider": "provider[\"registry.terraform.io/hashicorp/aws\"]",
      "instances": [
        {
          "schema_version": 1,
          "attributes": {
            "arn": "arn:aws:ec2:ap-northeast-2:688184989092:security-group/sg-0b2c4c4ce8bd84ebb",
            "description": "Allow HTTP access to ALB",
            "egress": [
              {
                "cidr_blocks": [
                  "0.0.0.0/0"
                ],
                "description": "",
                "from_port": 0,
                "ipv6_cidr_blocks": [],
                "prefix_list_ids": [],
                "protocol": "-1",
                "security_groups": [],
                "self": false,
                "to_port": 0
              }
            ],
            "id": "sg-0b2c4c4ce8bd84ebb",
            "ingress": [
              {
                "cidr_blocks": [
                  "0.0.0.0/0"
                ],
                "description": "Allow HTTP",
                "from_port": 80,
                "ipv6_cidr_blocks": [],
                "prefix_list_ids": [],
                "protocol": "tcp",
                "security_groups": [],
                "self": false,
                "to_port": 80
              }
            ],
            "name": "daenamu-cluster-alb-sg",
            "name_prefix": "",
            "owner_id": "688184989092",
            "revoke_rules_on_delete": false,
            "tags": {
              "Name": "daenamu-cluster-alb-sg",
              "kubernetes.io/cluster/daenamu-cluster": "owned"
            },
            "tags_all": {
              "Name": "daenamu-cluster-alb-sg",
              "kubernetes.io/cluster/daenamu-cluster": "owned"
            },
            "timeouts": null,
            "vpc_id": "vpc-0880e34bdd55d5dfc"
          },
          "sensitive_attributes": [],
          "identity_schema_version": 0,
          "private": "eyJlMmJmYjczMC1lY2FhLTExZTYtOGY4OC0zNDM2M2JjN2M0YzAiOnsiY3JlYXRlIjo2MDAwMDAwMDAwMDAsImRlbGV0ZSI6OTAwMDAwMDAwMDAwfSwic2NoZW1hX3ZlcnNpb24iOiIxIn0=",
          "dependencies": [
            "data.terraform_remote_state.vpc"
          ]
        }
      ]
    },
    {
      "mode": "managed",
      "type": "kubernetes_service_account",
      "name": "alb_sa",
      "provider": "provider[\"registry.terraform.io/hashicorp/kubernetes\"]",
      "instances": [
        {
          "schema_version": 0,
          "attributes": {
            "automount_service_account_token": true,
            "default_secret_name": "",
            "id": "kube-system/aws-load-balancer-controller",
            "image_pull_secret": [],
            "metadata": [
              {
                "annotations": {
                  "eks.amazonaws.com/role-arn": "arn:aws:iam::688184989092:role/daenamu-cluster-alb-sa-role"
                },
                "generate_name": "",
                "generation": 0,
                "labels": null,
                "name": "aws-load-balancer-controller",
                "namespace": "kube-system",
                "resource_version": "8436",
                "uid": "1c0cce91-ccb7-4bf9-832e-d45bbf425fda"
              }
            ],
            "secret": [],
            "timeouts": null
          },
          "sensitive_attributes": [],
          "identity_schema_version": 0,
          "private": "eyJlMmJmYjczMC1lY2FhLTExZTYtOGY4OC0zNDM2M2JjN2M0YzAiOnsiY3JlYXRlIjozMDAwMDAwMDAwMH19",
          "dependencies": [
            "aws_iam_role.alb_sa_role",
            "data.aws_eks_cluster.this",
            "data.aws_eks_cluster_auth.this",
            "data.aws_iam_policy_document.alb_irsa_assume_role",
            "data.terraform_remote_state.eks"
          ]
        }
      ]
    }
  ],
  "check_results": null
}
