{
  "version": 4,
  "terraform_version": "1.12.1",
  "serial": 15,
  "lineage": "b298f124-e376-e7b2-c1fe-1dbbc31d2973",
  "outputs": {
    "cluster_oidc_url": {
      "value": "https://oidc.eks.ap-northeast-2.amazonaws.com/id/B49F45EEE6576C43E1FF025B322AAD0E",
      "type": "string"
    },
    "eks_cluster_name": {
      "value": "daenamu-cluster",
      "type": "string"
    },
    "oidc_provider_arn": {
      "value": "arn:aws:iam::688184989092:oidc-provider/oidc.eks.ap-northeast-2.amazonaws.com/id/B49F45EEE6576C43E1FF025B322AAD0E",
      "type": "string"
    },
    "oidc_provider_url": {
      "value": "https://oidc.eks.ap-northeast-2.amazonaws.com/id/B49F45EEE6576C43E1FF025B322AAD0E",
      "type": "string"
    }
  },
  "resources": [
    {
      "mode": "data",
      "type": "aws_eks_cluster",
      "name": "this",
      "provider": "provider[\"registry.terraform.io/hashicorp/aws\"]",
      "instances": [
        {
          "schema_version": 0,
          "attributes": {
            "access_config": [
              {
                "authentication_mode": "CONFIG_MAP",
                "bootstrap_cluster_creator_admin_permissions": true
              }
            ],
            "arn": "arn:aws:eks:ap-northeast-2:688184989092:cluster/daenamu-cluster",
            "certificate_authority": [
              {
                "data": "LS0tLS1CRUdJTiBDRVJUSUZJQ0FURS0tLS0tCk1JSURCVENDQWUyZ0F3SUJBZ0lJVkJGNnkwR0xkNU13RFFZSktvWklodmNOQVFFTEJRQXdGVEVUTUJFR0ExVUUKQXhNS2EzVmlaWEp1WlhSbGN6QWVGdzB5TlRBMU1qVXhNakUwTXpGYUZ3MHpOVEExTWpNeE1qRTVNekZhTUJVeApFekFSQmdOVkJBTVRDbXQxWW1WeWJtVjBaWE13Z2dFaU1BMEdDU3FHU0liM0RRRUJBUVVBQTRJQkR3QXdnZ0VLCkFvSUJBUURUdlhIeEVubHdQOWVoVXQ4NFh2L2hVUXdkQ3JmbHpZajFKQzUxVWRSV2dQUUswemN5Z0lyb3hCUnIKMUJGRlJpSHloZU44eUFVOVpjeVFSbGliRU5VQ2xXQlNqQmZGVEtmeCtYVUNERXVOc01rTVpIc3c4SEhHcWlZcgpMY3B0b2JUcTJMVlhlTDJxSVpjQTFaQStENGo3V1dvVlExeGFmdWRrRUowbk1Udnh0ZXpmOXI2dVo2amtYUnZGCmcxdkdYYml3LzB5RGhRUy8rZkFHYU50MlNlcjBTa29heURpdHhaZ0NaazZNNjJOeXBhR01vYUJVeU1YMG1aZlkKbjVPS0x6YzhRd3BJOGtYeFhobXp3Ymg0WlB6M3lDUmtGT2N4VkFQbFdSZjFIU2ExVHAva05MOXk4Z05TODZPWQozeW5IaUF0SG1RZ3NvUUVPaTVuc2tJREhqZlVIQWdNQkFBR2pXVEJYTUE0R0ExVWREd0VCL3dRRUF3SUNwREFQCkJnTlZIUk1CQWY4RUJUQURBUUgvTUIwR0ExVWREZ1FXQkJSR004VG81OUdSWEp2N0l3MlhqTWNPdzI2WnJqQVYKQmdOVkhSRUVEakFNZ2dwcmRXSmxjbTVsZEdWek1BMEdDU3FHU0liM0RRRUJDd1VBQTRJQkFRRERvd25QM0FpWgpZQVJ3dnIwZGlhcGRYNUdWMWo5U0NaMFQ3RDBqUWh2QmJsTjlVdDNnV2ZGeEtSWUdOMzlrZ0FZK3FITVlYalhICmVUWElRWmk4ckduVWdhM1JWbDhJcFByUTBndVZVM0lpaE9HZ2ZPVHA1aHdsTHZya1JpM2t0MkttODhERU50dUYKOTBJWlRndm9lK01GbXpBd3FQelc4Yml1R2xOSW55b2FWbTZGYlVRVU9pYlR4MHlobFo4Z0JLZXkwTWJLL1RiUwpIZzlBUzJpSll4dUxMdFQxTk1icTJOeEdGbWVkY1JaZHFZQzY5aXVQSW13UUVJc2ZNY3MyTkV0Rnh1ODc4akgxCjRzUWo5SnpLNVRPZjk0NHYrdFpPQ3p6Znh0blJqM1ZPWGdlYVoxaWFUeEZNYmt5Ty9LTmRWa25tNmVMd25tOW0KbUdmU3lwTWlMeFNRCi0tLS0tRU5EIENFUlRJRklDQVRFLS0tLS0K"
              }
            ],
            "cluster_id": null,
            "compute_config": [],
            "created_at": "2025-05-25T12:15:20Z",
            "enabled_cluster_log_types": [],
            "endpoint": "https://B49F45EEE6576C43E1FF025B322AAD0E.gr7.ap-northeast-2.eks.amazonaws.com",
            "id": "daenamu-cluster",
            "identity": [
              {
                "oidc": [
                  {
                    "issuer": "https://oidc.eks.ap-northeast-2.amazonaws.com/id/B49F45EEE6576C43E1FF025B322AAD0E"
                  }
                ]
              }
            ],
            "kubernetes_network_config": [
              {
                "elastic_load_balancing": [
                  {
                    "enabled": false
                  }
                ],
                "ip_family": "ipv4",
                "service_ipv4_cidr": "172.20.0.0/16",
                "service_ipv6_cidr": ""
              }
            ],
            "name": "daenamu-cluster",
            "outpost_config": [],
            "platform_version": "eks.11",
            "remote_network_config": [],
            "role_arn": "arn:aws:iam::688184989092:role/daenamu-cluster-eks-cluster-role",
            "status": "ACTIVE",
            "storage_config": [],
            "tags": {},
            "upgrade_policy": [
              {
                "support_type": "EXTENDED"
              }
            ],
            "version": "1.32",
            "vpc_config": [
              {
                "cluster_security_group_id": "sg-00e759c581732d690",
                "endpoint_private_access": false,
                "endpoint_public_access": true,
                "public_access_cidrs": [
                  "0.0.0.0/0"
                ],
                "security_group_ids": [],
                "subnet_ids": [
                  "subnet-03ca79f3c8ebe441d",
                  "subnet-0e38afb571c441c38"
                ],
                "vpc_id": "vpc-0880e34bdd55d5dfc"
              }
            ],
            "zonal_shift_config": []
          },
          "sensitive_attributes": [],
          "identity_schema_version": 0
        }
      ]
    },
    {
      "mode": "data",
      "type": "aws_eks_cluster_auth",
      "name": "cluster",
      "provider": "provider[\"registry.terraform.io/hashicorp/aws\"]",
      "instances": [
        {
          "schema_version": 0,
          "attributes": {
            "id": "daenamu-cluster",
            "name": "daenamu-cluster",
            "token": "k8s-aws-v1.aHR0cHM6Ly9zdHMuYXAtbm9ydGhlYXN0LTIuYW1hem9uYXdzLmNvbS8_QWN0aW9uPUdldENhbGxlcklkZW50aXR5JlZlcnNpb249MjAxMS0wNi0xNSZYLUFtei1BbGdvcml0aG09QVdTNC1ITUFDLVNIQTI1NiZYLUFtei1DcmVkZW50aWFsPUFTSUEyQU9ZRlNXU1BDMjdBR09GJTJGMjAyNTA1MjUlMkZhcC1ub3J0aGVhc3QtMiUyRnN0cyUyRmF3czRfcmVxdWVzdCZYLUFtei1EYXRlPTIwMjUwNTI1VDEyNTcyMlomWC1BbXotRXhwaXJlcz0wJlgtQW16LVNlY3VyaXR5LVRva2VuPUlRb0piM0pwWjJsdVgyVmpFR01hRG1Gd0xXNXZjblJvWldGemRDMHlJa2d3UmdJaEFJUENzTW8xYmlacFJDQ0puSHRSbWNQSjVPcmlsY1hCSkp5NnlnckpjVWhDQWlFQTNabWx3RDJUVXplekFJNWtScjVuJTJCbmVZQ3BiSjl3TWg1VTRxVWtrcTZzUXFnd01JTEJBQUdndzJPRGd4T0RRNU9Ea3dPVElpREg3UE13N1NnNk0yOWklMkZsa3lyZ0FsdFlsdVdHZko5RURzUkdEQ2w3SE9IOW55TU9iWHU4M1RZUTBQR2p5MW10ekU5dHdyU0l4NkgxcDVPWm5ic0YlMkZKRWZXVlc3MkVROEhrWUVpRUFFa1NNamtoa2NjTTdzdTF3a3J5VndUakZPM0NFUkpheFdITWUwcGxXV0RsdEtzdENzYUVqVE53QXB6eU1RMGVEMHo2eE5MJTJCUW9WNnFvZGxQOTF2bUVndyUyRlRjNmF3VlM2UDliRnh6aVZHdlhJVFNqVyUyQkhKOEdpcjVLSHp6Qzg4NHJCd0t6WDNZbGZIazAlMkZSSlJYNWglMkZXVWVXSTAlMkJQNzFXYmUxa3RjV1gxVnQ4WEtVdk9QZkxMeW5aTmI1dXpiWldkMEVpV3NibHhtRnlXQURFQktsNXh2eW93YVlLcTclMkZIam41ZUdqMllsRG1RU2wlMkYxM2xoZCUyQlAwUTNFTU1kWWl3aE95TExXb3ZaZjFtWkZ1aDlZR1NzejdFcm02a2NSRnMybjR5WiUyRmM4JTJGa1dJNFh1MFlRYmRLMnJQWDd6NmhSMjhYak8zVDhFYU9GUUczWmFjWkJLMjZHREYlMkZsNkFJYTBWa1pVN0xvN1VjVXlKc1p2amI4alVkSTJlaHVWT212MCUyRkNJR3d3aiUyQmZMd1FZNnBRRVdKTmQlMkZmWHloRmdmeFdmeWdtWHc1VTRRdzBBZldVc2hpTEU1OE9CRzhHNjRWaGZUQ2VJTnJLaXlTdmpCYkNlJTJGSjNjNWlzRzRka0VmZjJLb1QxdFdXVElHVHZJeHF0bTBGWVF1RGt5VWlzWjFMTGdWU1hidldqa0hRWjFxYVloaHdRY2NHOG16UnljZmp1enBXT0xlWUwyeUJUQzV3cDQlMkZFbkFISCUyQmF0WCUyQmFQdlh2RlhhbVh1UUI1bUN1ekc1Y3FxSjFQcnglMkJsQmN5MGZGSkVhU3l1QUxVNUlhNlUlM0QmWC1BbXotU2lnbmVkSGVhZGVycz1ob3N0JTNCeC1rOHMtYXdzLWlkJlgtQW16LVNpZ25hdHVyZT00YTRmODAzMDU5MzRhMTM1NGQ3OTIwODk0NDc4YWVmNzA1Y2ViN2U4OGNmYTE2NzgzZGMyMzA3ZDQzMDZiZWJj"
          },
          "sensitive_attributes": [
            [
              {
                "type": "get_attr",
                "value": "token"
              }
            ]
          ],
          "identity_schema_version": 0
        }
      ]
    },
    {
      "mode": "data",
      "type": "aws_eks_cluster_auth",
      "name": "this",
      "provider": "provider[\"registry.terraform.io/hashicorp/aws\"]",
      "instances": [
        {
          "schema_version": 0,
          "attributes": {
            "id": "daenamu-cluster",
            "name": "daenamu-cluster",
            "token": "k8s-aws-v1.aHR0cHM6Ly9zdHMuYXAtbm9ydGhlYXN0LTIuYW1hem9uYXdzLmNvbS8_QWN0aW9uPUdldENhbGxlcklkZW50aXR5JlZlcnNpb249MjAxMS0wNi0xNSZYLUFtei1BbGdvcml0aG09QVdTNC1ITUFDLVNIQTI1NiZYLUFtei1DcmVkZW50aWFsPUFTSUEyQU9ZRlNXU1BDMjdBR09GJTJGMjAyNTA1MjUlMkZhcC1ub3J0aGVhc3QtMiUyRnN0cyUyRmF3czRfcmVxdWVzdCZYLUFtei1EYXRlPTIwMjUwNTI1VDEyNTcxOVomWC1BbXotRXhwaXJlcz0wJlgtQW16LVNlY3VyaXR5LVRva2VuPUlRb0piM0pwWjJsdVgyVmpFR01hRG1Gd0xXNXZjblJvWldGemRDMHlJa2d3UmdJaEFJUENzTW8xYmlacFJDQ0puSHRSbWNQSjVPcmlsY1hCSkp5NnlnckpjVWhDQWlFQTNabWx3RDJUVXplekFJNWtScjVuJTJCbmVZQ3BiSjl3TWg1VTRxVWtrcTZzUXFnd01JTEJBQUdndzJPRGd4T0RRNU9Ea3dPVElpREg3UE13N1NnNk0yOWklMkZsa3lyZ0FsdFlsdVdHZko5RURzUkdEQ2w3SE9IOW55TU9iWHU4M1RZUTBQR2p5MW10ekU5dHdyU0l4NkgxcDVPWm5ic0YlMkZKRWZXVlc3MkVROEhrWUVpRUFFa1NNamtoa2NjTTdzdTF3a3J5VndUakZPM0NFUkpheFdITWUwcGxXV0RsdEtzdENzYUVqVE53QXB6eU1RMGVEMHo2eE5MJTJCUW9WNnFvZGxQOTF2bUVndyUyRlRjNmF3VlM2UDliRnh6aVZHdlhJVFNqVyUyQkhKOEdpcjVLSHp6Qzg4NHJCd0t6WDNZbGZIazAlMkZSSlJYNWglMkZXVWVXSTAlMkJQNzFXYmUxa3RjV1gxVnQ4WEtVdk9QZkxMeW5aTmI1dXpiWldkMEVpV3NibHhtRnlXQURFQktsNXh2eW93YVlLcTclMkZIam41ZUdqMllsRG1RU2wlMkYxM2xoZCUyQlAwUTNFTU1kWWl3aE95TExXb3ZaZjFtWkZ1aDlZR1NzejdFcm02a2NSRnMybjR5WiUyRmM4JTJGa1dJNFh1MFlRYmRLMnJQWDd6NmhSMjhYak8zVDhFYU9GUUczWmFjWkJLMjZHREYlMkZsNkFJYTBWa1pVN0xvN1VjVXlKc1p2amI4alVkSTJlaHVWT212MCUyRkNJR3d3aiUyQmZMd1FZNnBRRVdKTmQlMkZmWHloRmdmeFdmeWdtWHc1VTRRdzBBZldVc2hpTEU1OE9CRzhHNjRWaGZUQ2VJTnJLaXlTdmpCYkNlJTJGSjNjNWlzRzRka0VmZjJLb1QxdFdXVElHVHZJeHF0bTBGWVF1RGt5VWlzWjFMTGdWU1hidldqa0hRWjFxYVloaHdRY2NHOG16UnljZmp1enBXT0xlWUwyeUJUQzV3cDQlMkZFbkFISCUyQmF0WCUyQmFQdlh2RlhhbVh1UUI1bUN1ekc1Y3FxSjFQcnglMkJsQmN5MGZGSkVhU3l1QUxVNUlhNlUlM0QmWC1BbXotU2lnbmVkSGVhZGVycz1ob3N0JTNCeC1rOHMtYXdzLWlkJlgtQW16LVNpZ25hdHVyZT00ZjQxNWRjMTY2MzY1NGExNTdlYzM2YzdkZDA0NTRhNGE5ZjU0OGU3YTExZDhlZmUwN2YxMzcyNGI3YTk5MTNk"
          },
          "sensitive_attributes": [
            [
              {
                "type": "get_attr",
                "value": "token"
              }
            ]
          ],
          "identity_schema_version": 0
        }
      ]
    },
    {
      "mode": "data",
      "type": "terraform_remote_state",
      "name": "vpc",
      "provider": "provider[\"terraform.io/builtin/terraform\"]",
      "instances": [
        {
          "schema_version": 0,
          "attributes": {
            "backend": "local",
            "config": {
              "value": {
                "path": "../vpc/terraform.tfstate"
              },
              "type": [
                "object",
                {
                  "path": "string"
                }
              ]
            },
            "defaults": null,
            "outputs": {
              "value": {
                "private_subnet_ids": [
                  "subnet-03ca79f3c8ebe441d",
                  "subnet-0e38afb571c441c38"
                ],
                "public_subnet_ids": [
                  "subnet-0cc1a21c487be0ca4",
                  "subnet-0eeadcc15994d4874"
                ],
                "vpc_id": "vpc-0880e34bdd55d5dfc"
              },
              "type": [
                "object",
                {
                  "private_subnet_ids": [
                    "tuple",
                    [
                      "string",
                      "string"
                    ]
                  ],
                  "public_subnet_ids": [
                    "tuple",
                    [
                      "string",
                      "string"
                    ]
                  ],
                  "vpc_id": "string"
                }
              ]
            },
            "workspace": null
          },
          "sensitive_attributes": [],
          "identity_schema_version": 0
        }
      ]
    },
    {
      "mode": "managed",
      "type": "aws_eks_cluster",
      "name": "this",
      "provider": "provider[\"registry.terraform.io/hashicorp/aws\"]",
      "instances": [
        {
          "schema_version": 1,
          "attributes": {
            "access_config": [
              {
                "authentication_mode": "CONFIG_MAP",
                "bootstrap_cluster_creator_admin_permissions": true
              }
            ],
            "arn": "arn:aws:eks:ap-northeast-2:688184989092:cluster/daenamu-cluster",
            "bootstrap_self_managed_addons": true,
            "certificate_authority": [
              {
                "data": "LS0tLS1CRUdJTiBDRVJUSUZJQ0FURS0tLS0tCk1JSURCVENDQWUyZ0F3SUJBZ0lJVkJGNnkwR0xkNU13RFFZSktvWklodmNOQVFFTEJRQXdGVEVUTUJFR0ExVUUKQXhNS2EzVmlaWEp1WlhSbGN6QWVGdzB5TlRBMU1qVXhNakUwTXpGYUZ3MHpOVEExTWpNeE1qRTVNekZhTUJVeApFekFSQmdOVkJBTVRDbXQxWW1WeWJtVjBaWE13Z2dFaU1BMEdDU3FHU0liM0RRRUJBUVVBQTRJQkR3QXdnZ0VLCkFvSUJBUURUdlhIeEVubHdQOWVoVXQ4NFh2L2hVUXdkQ3JmbHpZajFKQzUxVWRSV2dQUUswemN5Z0lyb3hCUnIKMUJGRlJpSHloZU44eUFVOVpjeVFSbGliRU5VQ2xXQlNqQmZGVEtmeCtYVUNERXVOc01rTVpIc3c4SEhHcWlZcgpMY3B0b2JUcTJMVlhlTDJxSVpjQTFaQStENGo3V1dvVlExeGFmdWRrRUowbk1Udnh0ZXpmOXI2dVo2amtYUnZGCmcxdkdYYml3LzB5RGhRUy8rZkFHYU50MlNlcjBTa29heURpdHhaZ0NaazZNNjJOeXBhR01vYUJVeU1YMG1aZlkKbjVPS0x6YzhRd3BJOGtYeFhobXp3Ymg0WlB6M3lDUmtGT2N4VkFQbFdSZjFIU2ExVHAva05MOXk4Z05TODZPWQozeW5IaUF0SG1RZ3NvUUVPaTVuc2tJREhqZlVIQWdNQkFBR2pXVEJYTUE0R0ExVWREd0VCL3dRRUF3SUNwREFQCkJnTlZIUk1CQWY4RUJUQURBUUgvTUIwR0ExVWREZ1FXQkJSR004VG81OUdSWEp2N0l3MlhqTWNPdzI2WnJqQVYKQmdOVkhSRUVEakFNZ2dwcmRXSmxjbTVsZEdWek1BMEdDU3FHU0liM0RRRUJDd1VBQTRJQkFRRERvd25QM0FpWgpZQVJ3dnIwZGlhcGRYNUdWMWo5U0NaMFQ3RDBqUWh2QmJsTjlVdDNnV2ZGeEtSWUdOMzlrZ0FZK3FITVlYalhICmVUWElRWmk4ckduVWdhM1JWbDhJcFByUTBndVZVM0lpaE9HZ2ZPVHA1aHdsTHZya1JpM2t0MkttODhERU50dUYKOTBJWlRndm9lK01GbXpBd3FQelc4Yml1R2xOSW55b2FWbTZGYlVRVU9pYlR4MHlobFo4Z0JLZXkwTWJLL1RiUwpIZzlBUzJpSll4dUxMdFQxTk1icTJOeEdGbWVkY1JaZHFZQzY5aXVQSW13UUVJc2ZNY3MyTkV0Rnh1ODc4akgxCjRzUWo5SnpLNVRPZjk0NHYrdFpPQ3p6Znh0blJqM1ZPWGdlYVoxaWFUeEZNYmt5Ty9LTmRWa25tNmVMd25tOW0KbUdmU3lwTWlMeFNRCi0tLS0tRU5EIENFUlRJRklDQVRFLS0tLS0K"
              }
            ],
            "cluster_id": null,
            "compute_config": [],
            "created_at": "2025-05-25T12:15:20Z",
            "enabled_cluster_log_types": [],
            "encryption_config": [],
            "endpoint": "https://B49F45EEE6576C43E1FF025B322AAD0E.gr7.ap-northeast-2.eks.amazonaws.com",
            "force_update_version": null,
            "id": "daenamu-cluster",
            "identity": [
              {
                "oidc": [
                  {
                    "issuer": "https://oidc.eks.ap-northeast-2.amazonaws.com/id/B49F45EEE6576C43E1FF025B322AAD0E"
                  }
                ]
              }
            ],
            "kubernetes_network_config": [
              {
                "elastic_load_balancing": [
                  {
                    "enabled": false
                  }
                ],
                "ip_family": "ipv4",
                "service_ipv4_cidr": "172.20.0.0/16",
                "service_ipv6_cidr": ""
              }
            ],
            "name": "daenamu-cluster",
            "outpost_config": [],
            "platform_version": "eks.11",
            "remote_network_config": [],
            "role_arn": "arn:aws:iam::688184989092:role/daenamu-cluster-eks-cluster-role",
            "status": "ACTIVE",
            "storage_config": [],
            "tags": {},
            "tags_all": {},
            "timeouts": null,
            "upgrade_policy": [
              {
                "support_type": "EXTENDED"
              }
            ],
            "version": "1.32",
            "vpc_config": [
              {
                "cluster_security_group_id": "sg-00e759c581732d690",
                "endpoint_private_access": false,
                "endpoint_public_access": true,
                "public_access_cidrs": [
                  "0.0.0.0/0"
                ],
                "security_group_ids": [],
                "subnet_ids": [
                  "subnet-03ca79f3c8ebe441d",
                  "subnet-0e38afb571c441c38"
                ],
                "vpc_id": "vpc-0880e34bdd55d5dfc"
              }
            ],
            "zonal_shift_config": []
          },
          "sensitive_attributes": [],
          "identity_schema_version": 0,
          "private": "eyJlMmJmYjczMC1lY2FhLTExZTYtOGY4OC0zNDM2M2JjN2M0YzAiOnsiY3JlYXRlIjoxODAwMDAwMDAwMDAwLCJkZWxldGUiOjkwMDAwMDAwMDAwMCwidXBkYXRlIjozNjAwMDAwMDAwMDAwfSwic2NoZW1hX3ZlcnNpb24iOiIxIn0=",
          "dependencies": [
            "aws_iam_role.cluster",
            "aws_iam_role_policy_attachment.cluster_AmazonEKSClusterPolicy",
            "aws_iam_role_policy_attachment.cluster_AmazonEKSVPCResourceController",
            "data.terraform_remote_state.vpc"
          ]
        }
      ]
    },
    {
      "mode": "managed",
      "type": "aws_eks_node_group",
      "name": "this",
      "provider": "provider[\"registry.terraform.io/hashicorp/aws\"]",
      "instances": [
        {
          "schema_version": 0,
          "attributes": {
            "ami_type": "AL2_x86_64",
            "arn": "arn:aws:eks:ap-northeast-2:688184989092:nodegroup/daenamu-cluster/daenamu-cluster-nodegroup/c2cb83b1-f7d8-6bf7-7bae-0d48bbe6948d",
            "capacity_type": "ON_DEMAND",
            "cluster_name": "daenamu-cluster",
            "disk_size": 20,
            "force_update_version": null,
            "id": "daenamu-cluster:daenamu-cluster-nodegroup",
            "instance_types": [
              "t3.medium"
            ],
            "labels": {},
            "launch_template": [],
            "node_group_name": "daenamu-cluster-nodegroup",
            "node_group_name_prefix": "",
            "node_repair_config": [],
            "node_role_arn": "arn:aws:iam::688184989092:role/daenamu-cluster-nodegroup-role",
            "release_version": "1.32.3-20250519",
            "remote_access": [],
            "resources": [
              {
                "autoscaling_groups": [
                  {
                    "name": "eks-daenamu-cluster-nodegroup-c2cb83b1-f7d8-6bf7-7bae-0d48bbe6948d"
                  }
                ],
                "remote_access_security_group_id": ""
              }
            ],
            "scaling_config": [
              {
                "desired_size": 2,
                "max_size": 3,
                "min_size": 1
              }
            ],
            "status": "ACTIVE",
            "subnet_ids": [
              "subnet-03ca79f3c8ebe441d",
              "subnet-0e38afb571c441c38"
            ],
            "tags": {},
            "tags_all": {},
            "taint": [],
            "timeouts": null,
            "update_config": [
              {
                "max_unavailable": 1,
                "max_unavailable_percentage": 0
              }
            ],
            "version": "1.32"
          },
          "sensitive_attributes": [],
          "identity_schema_version": 0,
          "private": "eyJlMmJmYjczMC1lY2FhLTExZTYtOGY4OC0zNDM2M2JjN2M0YzAiOnsiY3JlYXRlIjozNjAwMDAwMDAwMDAwLCJkZWxldGUiOjM2MDAwMDAwMDAwMDAsInVwZGF0ZSI6MzYwMDAwMDAwMDAwMH19",
          "dependencies": [
            "aws_eks_cluster.this",
            "aws_iam_role.cluster",
            "aws_iam_role.node_group",
            "aws_iam_role_policy_attachment.AmazonEC2ContainerRegistryReadOnly",
            "aws_iam_role_policy_attachment.AmazonEKSWorkerNodePolicy",
            "aws_iam_role_policy_attachment.AmazonEKS_CNI_Policy",
            "aws_iam_role_policy_attachment.cluster_AmazonEKSClusterPolicy",
            "aws_iam_role_policy_attachment.cluster_AmazonEKSVPCResourceController",
            "data.terraform_remote_state.vpc"
          ]
        }
      ]
    },
    {
      "mode": "managed",
      "type": "aws_iam_openid_connect_provider",
      "name": "eks_oidc",
      "provider": "provider[\"registry.terraform.io/hashicorp/aws\"]",
      "instances": [
        {
          "schema_version": 0,
          "attributes": {
            "arn": "arn:aws:iam::688184989092:oidc-provider/oidc.eks.ap-northeast-2.amazonaws.com/id/B49F45EEE6576C43E1FF025B322AAD0E",
            "client_id_list": [
              "sts.amazonaws.com"
            ],
            "id": "arn:aws:iam::688184989092:oidc-provider/oidc.eks.ap-northeast-2.amazonaws.com/id/B49F45EEE6576C43E1FF025B322AAD0E",
            "tags": {
              "Name": "daenamu-cluster-oidc"
            },
            "tags_all": {
              "Name": "daenamu-cluster-oidc"
            },
            "thumbprint_list": [
              "9e99a48a9960b14926bb7f3b02e22da0afd10df6"
            ],
            "url": "oidc.eks.ap-northeast-2.amazonaws.com/id/B49F45EEE6576C43E1FF025B322AAD0E"
          },
          "sensitive_attributes": [],
          "identity_schema_version": 0,
          "private": "bnVsbA==",
          "dependencies": [
            "aws_eks_cluster.this",
            "aws_iam_role.cluster",
            "aws_iam_role_policy_attachment.cluster_AmazonEKSClusterPolicy",
            "aws_iam_role_policy_attachment.cluster_AmazonEKSVPCResourceController",
            "data.terraform_remote_state.vpc"
          ]
        }
      ]
    },
    {
      "mode": "managed",
      "type": "aws_iam_role",
      "name": "cluster",
      "provider": "provider[\"registry.terraform.io/hashicorp/aws\"]",
      "instances": [
        {
          "schema_version": 0,
          "attributes": {
            "arn": "arn:aws:iam::688184989092:role/daenamu-cluster-eks-cluster-role",
            "assume_role_policy": "{\"Statement\":[{\"Action\":\"sts:AssumeRole\",\"Effect\":\"Allow\",\"Principal\":{\"Service\":\"eks.amazonaws.com\"}}],\"Version\":\"2012-10-17\"}",
            "create_date": "2025-05-25T12:15:15Z",
            "description": "",
            "force_detach_policies": false,
            "id": "daenamu-cluster-eks-cluster-role",
            "inline_policy": [],
            "managed_policy_arns": [
              "arn:aws:iam::aws:policy/AmazonEKSClusterPolicy",
              "arn:aws:iam::aws:policy/AmazonEKSVPCResourceController"
            ],
            "max_session_duration": 3600,
            "name": "daenamu-cluster-eks-cluster-role",
            "name_prefix": "",
            "path": "/",
            "permissions_boundary": "",
            "tags": {},
            "tags_all": {},
            "unique_id": "AROA2AOYFSWSIA6W5FGCJ"
          },
          "sensitive_attributes": [],
          "identity_schema_version": 0,
          "private": "bnVsbA=="
        }
      ]
    },
    {
      "mode": "managed",
      "type": "aws_iam_role",
      "name": "node_group",
      "provider": "provider[\"registry.terraform.io/hashicorp/aws\"]",
      "instances": [
        {
          "schema_version": 0,
          "attributes": {
            "arn": "arn:aws:iam::688184989092:role/daenamu-cluster-nodegroup-role",
            "assume_role_policy": "{\"Statement\":[{\"Action\":\"sts:AssumeRole\",\"Effect\":\"Allow\",\"Principal\":{\"Service\":\"ec2.amazonaws.com\"}}],\"Version\":\"2012-10-17\"}",
            "create_date": "2025-05-25T12:15:15Z",
            "description": "",
            "force_detach_policies": false,
            "id": "daenamu-cluster-nodegroup-role",
            "inline_policy": [],
            "managed_policy_arns": [
              "arn:aws:iam::aws:policy/AmazonEC2ContainerRegistryReadOnly",
              "arn:aws:iam::aws:policy/AmazonEKSWorkerNodePolicy",
              "arn:aws:iam::aws:policy/AmazonEKS_CNI_Policy"
            ],
            "max_session_duration": 3600,
            "name": "daenamu-cluster-nodegroup-role",
            "name_prefix": "",
            "path": "/",
            "permissions_boundary": "",
            "tags": {},
            "tags_all": {},
            "unique_id": "AROA2AOYFSWSPAZQQS4TR"
          },
          "sensitive_attributes": [],
          "identity_schema_version": 0,
          "private": "bnVsbA=="
        }
      ]
    },
    {
      "mode": "managed",
      "type": "aws_iam_role_policy_attachment",
      "name": "AmazonEC2ContainerRegistryReadOnly",
      "provider": "provider[\"registry.terraform.io/hashicorp/aws\"]",
      "instances": [
        {
          "schema_version": 0,
          "attributes": {
            "id": "daenamu-cluster-nodegroup-role-20250525121517579200000003",
            "policy_arn": "arn:aws:iam::aws:policy/AmazonEC2ContainerRegistryReadOnly",
            "role": "daenamu-cluster-nodegroup-role"
          },
          "sensitive_attributes": [],
          "identity_schema_version": 0,
          "private": "bnVsbA==",
          "dependencies": [
            "aws_iam_role.node_group"
          ]
        }
      ]
    },
    {
      "mode": "managed",
      "type": "aws_iam_role_policy_attachment",
      "name": "AmazonEKSWorkerNodePolicy",
      "provider": "provider[\"registry.terraform.io/hashicorp/aws\"]",
      "instances": [
        {
          "schema_version": 0,
          "attributes": {
            "id": "daenamu-cluster-nodegroup-role-20250525121517866700000004",
            "policy_arn": "arn:aws:iam::aws:policy/AmazonEKSWorkerNodePolicy",
            "role": "daenamu-cluster-nodegroup-role"
          },
          "sensitive_attributes": [],
          "identity_schema_version": 0,
          "private": "bnVsbA==",
          "dependencies": [
            "aws_iam_role.node_group"
          ]
        }
      ]
    },
    {
      "mode": "managed",
      "type": "aws_iam_role_policy_attachment",
      "name": "AmazonEKS_CNI_Policy",
      "provider": "provider[\"registry.terraform.io/hashicorp/aws\"]",
      "instances": [
        {
          "schema_version": 0,
          "attributes": {
            "id": "daenamu-cluster-nodegroup-role-20250525121517911100000005",
            "policy_arn": "arn:aws:iam::aws:policy/AmazonEKS_CNI_Policy",
            "role": "daenamu-cluster-nodegroup-role"
          },
          "sensitive_attributes": [],
          "identity_schema_version": 0,
          "private": "bnVsbA==",
          "dependencies": [
            "aws_iam_role.node_group"
          ]
        }
      ]
    },
    {
      "mode": "managed",
      "type": "aws_iam_role_policy_attachment",
      "name": "cluster_AmazonEKSClusterPolicy",
      "provider": "provider[\"registry.terraform.io/hashicorp/aws\"]",
      "instances": [
        {
          "schema_version": 0,
          "attributes": {
            "id": "daenamu-cluster-eks-cluster-role-20250525121517108600000001",
            "policy_arn": "arn:aws:iam::aws:policy/AmazonEKSClusterPolicy",
            "role": "daenamu-cluster-eks-cluster-role"
          },
          "sensitive_attributes": [],
          "identity_schema_version": 0,
          "private": "bnVsbA==",
          "dependencies": [
            "aws_iam_role.cluster"
          ]
        }
      ]
    },
    {
      "mode": "managed",
      "type": "aws_iam_role_policy_attachment",
      "name": "cluster_AmazonEKSVPCResourceController",
      "provider": "provider[\"registry.terraform.io/hashicorp/aws\"]",
      "instances": [
        {
          "schema_version": 0,
          "attributes": {
            "id": "daenamu-cluster-eks-cluster-role-20250525121517369200000002",
            "policy_arn": "arn:aws:iam::aws:policy/AmazonEKSVPCResourceController",
            "role": "daenamu-cluster-eks-cluster-role"
          },
          "sensitive_attributes": [],
          "identity_schema_version": 0,
          "private": "bnVsbA==",
          "dependencies": [
            "aws_iam_role.cluster"
          ]
        }
      ]
    },
    {
      "mode": "managed",
      "type": "aws_security_group",
      "name": "eks_nodes",
      "provider": "provider[\"registry.terraform.io/hashicorp/aws\"]",
      "instances": [
        {
          "schema_version": 1,
          "attributes": {
            "arn": "arn:aws:ec2:ap-northeast-2:688184989092:security-group/sg-01833cc728db50cf6",
            "description": "Security group for EKS worker nodes",
            "egress": [
              {
                "cidr_blocks": [
                  "0.0.0.0/0"
                ],
                "description": "",
                "from_port": 0,
                "ipv6_cidr_blocks": [],
                "prefix_list_ids": [],
                "protocol": "-1",
                "security_groups": [],
                "self": false,
                "to_port": 0
              }
            ],
            "id": "sg-01833cc728db50cf6",
            "ingress": [
              {
                "cidr_blocks": [
                  "0.0.0.0/0"
                ],
                "description": "Allow HTTP from anywhere (for ALB or test traffic)",
                "from_port": 80,
                "ipv6_cidr_blocks": [],
                "prefix_list_ids": [],
                "protocol": "tcp",
                "security_groups": [],
                "self": false,
                "to_port": 80
              },
              {
                "cidr_blocks": [],
                "description": "Allow all pod-to-pod communication",
                "from_port": 0,
                "ipv6_cidr_blocks": [],
                "prefix_list_ids": [],
                "protocol": "-1",
                "security_groups": [],
                "self": true,
                "to_port": 0
              }
            ],
            "name": "daenamu-cluster-nodes-sg",
            "name_prefix": "",
            "owner_id": "688184989092",
            "revoke_rules_on_delete": false,
            "tags": {
              "Name": "daenamu-cluster-nodes-sg",
              "kubernetes.io/cluster/daenamu-cluster": "owned"
            },
            "tags_all": {
              "Name": "daenamu-cluster-nodes-sg",
              "kubernetes.io/cluster/daenamu-cluster": "owned"
            },
            "timeouts": null,
            "vpc_id": "vpc-0880e34bdd55d5dfc"
          },
          "sensitive_attributes": [],
          "identity_schema_version": 0,
          "private": "eyJlMmJmYjczMC1lY2FhLTExZTYtOGY4OC0zNDM2M2JjN2M0YzAiOnsiY3JlYXRlIjo2MDAwMDAwMDAwMDAsImRlbGV0ZSI6OTAwMDAwMDAwMDAwfSwic2NoZW1hX3ZlcnNpb24iOiIxIn0=",
          "dependencies": [
            "data.terraform_remote_state.vpc"
          ]
        }
      ]
    }
  ],
  "check_results": null
}
